
Microsoft Visual Studio Solution File, Format Version 12.00
# Visual Studio 14
VisualStudioVersion = 14.0.25420.1
MinimumVisualStudioVersion = 10.0.40219.1
Project("{FAE04EC0-301F-11D3-BF4B-00C04F79EFBC}") = "Hello,World", "ConsoleApplication1\Hello,World.csproj", "{77397203-599C-47C3-9994-0F30122AB442}"
EndProject
Project("{FAE04EC0-301F-11D3-BF4B-00C04F79EFBC}") = "PrintMyName", "PrintMyName\PrintMyName.csproj", "{9FA0D70E-BC7F-4D1B-BFE2-6E5E70874F2E}"
EndProject
Project("{FAE04EC0-301F-11D3-BF4B-00C04F79EFBC}") = "PrintNumbers", "PrintNumbers\PrintNumbers.csproj", "{66995943-1202-4F0D-BC78-B537658A6D77}"
EndProject
Project("{FAE04EC0-301F-11D3-BF4B-00C04F79EFBC}") = "SquareRoot", "SquareRoot\SquareRoot.csproj", "{0E64D378-AB2E-4734-9D64-758CA8250E70}"
EndProject
Project("{FAE04EC0-301F-11D3-BF4B-00C04F79EFBC}") = "PrintSequence", "PrintSequence\PrintSequence.csproj", "{DE2BDF1B-64D4-496F-AB4D-2D7D7751DA62}"
EndProject
Project("{FAE04EC0-301F-11D3-BF4B-00C04F79EFBC}") = "Age", "Age\Age.csproj", "{D844553E-BDDD-42D1-A20B-A01AA3E61A4F}"
EndProject
Project("{FAE04EC0-301F-11D3-BF4B-00C04F79EFBC}") = "LongSequence", "LongSequence\LongSequence.csproj", "{FEE17663-0BB2-4980-9D3D-287B1F08B02A}"
EndProject
Project("{FAE04EC0-301F-11D3-BF4B-00C04F79EFBC}") = "QuotesInStrings", "QuotesInStrings\QuotesInStrings.csproj", "{94D8488D-54A5-4315-B4FE-E6AB319F63A0}"
EndProject
Project("{FAE04EC0-301F-11D3-BF4B-00C04F79EFBC}") = "ComparingFloats", "ComparingFloats\ComparingFloats.csproj", "{DE2E98FE-C5C0-4495-A181-4B321DE60F4A}"
EndProject
Project("{FAE04EC0-301F-11D3-BF4B-00C04F79EFBC}") = "ASCII", "Adlercho\ASCII.csproj", "{45DD330D-0938-478B-960F-9529C2D9361A}"
EndProject
Project("{FAE04EC0-301F-11D3-BF4B-00C04F79EFBC}") = "Triangle", "Triangle\Triangle.csproj", "{4D19E7F9-2AF7-40C3-AEF6-5C79C849B0FF}"
EndProject
Project("{FAE04EC0-301F-11D3-BF4B-00C04F79EFBC}") = "Odd or even", "Odd or even\Odd or even.csproj", "{1B67D416-E6DD-4CB4-A25D-9F89F0C2A222}"
EndProject
Project("{FAE04EC0-301F-11D3-BF4B-00C04F79EFBC}") = "TEST", "TEST\TEST.csproj", "{8B2133E1-79C1-403E-8F03-021F24CFC066}"
EndProject
Project("{FAE04EC0-301F-11D3-BF4B-00C04F79EFBC}") = "WeightMoon", "WeightMoon\WeightMoon.csproj", "{F1F3ADA8-81D6-486C-8A56-0741283121BF}"
EndProject
Project("{FAE04EC0-301F-11D3-BF4B-00C04F79EFBC}") = "Divide7and5", "Divide7and5\Divide7and5.csproj", "{305E608F-84E3-459E-9200-8105E15DCB85}"
EndProject
Project("{FAE04EC0-301F-11D3-BF4B-00C04F79EFBC}") = "Rectangles", "Rectangles\Rectangles.csproj", "{4E0188F7-9D3C-410E-9745-96366C74AC17}"
EndProject
Project("{FAE04EC0-301F-11D3-BF4B-00C04F79EFBC}") = "ThirdDigit", "ThirdDigit\ThirdDigit.csproj", "{0031FE11-FF7E-4D5D-B496-EE164E8B1BC7}"
EndProject
Project("{FAE04EC0-301F-11D3-BF4B-00C04F79EFBC}") = "FourDigits", "FourDigits\FourDigits.csproj", "{3B20197D-88E0-4175-8101-12C18FD3D04B}"
EndProject
Project("{FAE04EC0-301F-11D3-BF4B-00C04F79EFBC}") = "PointCircle", "PointCircle\PointCircle.csproj", "{C2D770E7-3D11-46C3-AACF-BA15CC0299BE}"
EndProject
Project("{FAE04EC0-301F-11D3-BF4B-00C04F79EFBC}") = "PrimeCheck", "PrimeCheck\PrimeCheck.csproj", "{C84986BE-A1DD-4F13-BC1C-6FC5AFFB08BD}"
EndProject
Project("{FAE04EC0-301F-11D3-BF4B-00C04F79EFBC}") = "Trapezoids", "Trapezoids\Trapezoids.csproj", "{2C54964D-A4EE-47E3-A2FF-6451C93CCB1D}"
EndProject
Project("{FAE04EC0-301F-11D3-BF4B-00C04F79EFBC}") = "Point, Circle, Rectangle", "Point, Circle, Rectangle\Point, Circle, Rectangle.csproj", "{6B0B8516-34A0-4C19-B233-3678E6DB8497}"
EndProject
Project("{FAE04EC0-301F-11D3-BF4B-00C04F79EFBC}") = "NthBit", "NthBit\NthBit.csproj", "{B4F78C43-DA65-45DB-BD30-3F6792984560}"
EndProject
Project("{FAE04EC0-301F-11D3-BF4B-00C04F79EFBC}") = "SumOfThree", "SumOfThree\SumOfThree.csproj", "{C961ED2F-6494-4F3B-AFD8-5A1202E26026}"
EndProject
Project("{FAE04EC0-301F-11D3-BF4B-00C04F79EFBC}") = "CompanyInfo", "CompanyInfo\CompanyInfo.csproj", "{A51FB165-A016-454F-8B69-43D9D466FF84}"
EndProject
Project("{FAE04EC0-301F-11D3-BF4B-00C04F79EFBC}") = "Circle", "Circle\Circle.csproj", "{87BE03BF-41EF-4094-93B1-6CB2AB63E6A6}"
EndProject
Project("{FAE04EC0-301F-11D3-BF4B-00C04F79EFBC}") = "NumberComparer", "NumberComparer\NumberComparer.csproj", "{1408497B-8D2A-4B34-BC81-4502AE7AE100}"
EndProject
Project("{FAE04EC0-301F-11D3-BF4B-00C04F79EFBC}") = "Quadratic", "Quadratic\Quadratic.csproj", "{7EE11B0A-A7FC-432E-AAE1-999E89F52433}"
EndProject
Project("{FAE04EC0-301F-11D3-BF4B-00C04F79EFBC}") = "SumOfFive", "SumOfFive\SumOfFive.csproj", "{16E5C7DB-BB04-4124-92C7-324F202F180F}"
EndProject
Project("{FAE04EC0-301F-11D3-BF4B-00C04F79EFBC}") = "From1toN", "From1toN\From1toN.csproj", "{859C0EE5-C008-430E-9315-275BF65AD64E}"
EndProject
Project("{FAE04EC0-301F-11D3-BF4B-00C04F79EFBC}") = "SumOfN", "SumOfN\SumOfN.csproj", "{86353408-46F9-4E8F-B447-0BF33860B090}"
EndProject
Project("{FAE04EC0-301F-11D3-BF4B-00C04F79EFBC}") = "Fibonacci", "Fibonacci\Fibonacci.csproj", "{295D42CF-F5F7-45AF-AC7D-3CFE3F575DB2}"
EndProject
Project("{FAE04EC0-301F-11D3-BF4B-00C04F79EFBC}") = "Interval", "Interval\Interval.csproj", "{34FEE142-42C3-4CDE-912F-35CC2ABFC25F}"
EndProject
Project("{FAE04EC0-301F-11D3-BF4B-00C04F79EFBC}") = "ExchangeNumbers", "ExchangeNumbers\ExchangeNumbers.csproj", "{D2B0A483-416A-4542-8187-EAFC5AFFB246}"
EndProject
Project("{FAE04EC0-301F-11D3-BF4B-00C04F79EFBC}") = "MultiplicationSign", "MultiplicationSign\MultiplicationSign.csproj", "{9996CEEB-3873-4BCC-BF90-E47687AB7015}"
EndProject
Project("{FAE04EC0-301F-11D3-BF4B-00C04F79EFBC}") = "BiggestOf3", "BiggestOf3\BiggestOf3.csproj", "{5EB9AB15-6CFE-41EC-9BD5-FFD27676C22A}"
EndProject
Project("{FAE04EC0-301F-11D3-BF4B-00C04F79EFBC}") = "BiggestOf5", "BiggestOf5\BiggestOf5.csproj", "{50EB59F3-4C75-4B92-ACAF-B00E3CDD6B80}"
EndProject
Project("{FAE04EC0-301F-11D3-BF4B-00C04F79EFBC}") = "DigitAsWord", "DigitAsWord\DigitAsWord.csproj", "{4E854E54-F7D4-4EC6-86AD-0F28A190F812}"
EndProject
Project("{FAE04EC0-301F-11D3-BF4B-00C04F79EFBC}") = "IntDoubleString", "IntDoubleString\IntDoubleString.csproj", "{96CBF1DD-DC89-4F41-B6C4-BFFB9FFC74AB}"
EndProject
Project("{FAE04EC0-301F-11D3-BF4B-00C04F79EFBC}") = "BonusScore", "BonusScore\BonusScore.csproj", "{2B13B8E3-74BB-435A-A71A-9DBBAB3346E5}"
EndProject
Project("{FAE04EC0-301F-11D3-BF4B-00C04F79EFBC}") = "PlayCard", "PlayCard\PlayCard.csproj", "{9DF03A1F-DA30-4C27-A430-2BE05D38C8FB}"
EndProject
Project("{FAE04EC0-301F-11D3-BF4B-00C04F79EFBC}") = "Sort3", "Sort3\Sort3.csproj", "{90A403C8-B414-4E24-913E-1093E2AF6081}"
EndProject
Project("{FAE04EC0-301F-11D3-BF4B-00C04F79EFBC}") = "From1toN LOOPS", "From1toN LOOPS\From1toN LOOPS.csproj", "{864B27D2-1DDC-4EC0-9DBA-72D9B50FB06C}"
EndProject
Project("{FAE04EC0-301F-11D3-BF4B-00C04F79EFBC}") = "NotDivisible LOOPS", "NotDivisible LOOPS\NotDivisible LOOPS.csproj", "{74FFF0AA-02BC-44C0-8BD3-F024343D6EED}"
EndProject
Project("{FAE04EC0-301F-11D3-BF4B-00C04F79EFBC}") = "MMSA", "MMSA\MMSA.csproj", "{C6CEE11C-20D5-48A2-B938-8C6FA19E73AD}"
EndProject
Project("{FAE04EC0-301F-11D3-BF4B-00C04F79EFBC}") = "PrintDeck", "PrintDeck\PrintDeck.csproj", "{E057F89A-8267-4E0A-A7A5-2E4BD0915E0F}"
EndProject
Project("{FAE04EC0-301F-11D3-BF4B-00C04F79EFBC}") = "CalcAGAIN", "CalcAGAIN\CalcAGAIN.csproj", "{96136E08-59BC-47FB-AB4E-FE2DEA469101}"
EndProject
Project("{FAE04EC0-301F-11D3-BF4B-00C04F79EFBC}") = "GCD", "GCD\GCD.csproj", "{90413C2B-FCC5-406D-8976-65B2158D5524}"
EndProject
Project("{FAE04EC0-301F-11D3-BF4B-00C04F79EFBC}") = "ARRAYS Allocate Array", "ARRAYS Allocate Array\ARRAYS Allocate Array.csproj", "{1074A3D3-A57F-4FA2-812D-F2A12B33E6EE}"
EndProject
Global
	GlobalSection(SolutionConfigurationPlatforms) = preSolution
		Debug|Any CPU = Debug|Any CPU
		Release|Any CPU = Release|Any CPU
	EndGlobalSection
	GlobalSection(ProjectConfigurationPlatforms) = postSolution
		{77397203-599C-47C3-9994-0F30122AB442}.Debug|Any CPU.ActiveCfg = Debug|Any CPU
		{77397203-599C-47C3-9994-0F30122AB442}.Debug|Any CPU.Build.0 = Debug|Any CPU
		{77397203-599C-47C3-9994-0F30122AB442}.Release|Any CPU.ActiveCfg = Release|Any CPU
		{77397203-599C-47C3-9994-0F30122AB442}.Release|Any CPU.Build.0 = Release|Any CPU
		{9FA0D70E-BC7F-4D1B-BFE2-6E5E70874F2E}.Debug|Any CPU.ActiveCfg = Debug|Any CPU
		{9FA0D70E-BC7F-4D1B-BFE2-6E5E70874F2E}.Debug|Any CPU.Build.0 = Debug|Any CPU
		{9FA0D70E-BC7F-4D1B-BFE2-6E5E70874F2E}.Release|Any CPU.ActiveCfg = Release|Any CPU
		{9FA0D70E-BC7F-4D1B-BFE2-6E5E70874F2E}.Release|Any CPU.Build.0 = Release|Any CPU
		{66995943-1202-4F0D-BC78-B537658A6D77}.Debug|Any CPU.ActiveCfg = Debug|Any CPU
		{66995943-1202-4F0D-BC78-B537658A6D77}.Debug|Any CPU.Build.0 = Debug|Any CPU
		{66995943-1202-4F0D-BC78-B537658A6D77}.Release|Any CPU.ActiveCfg = Release|Any CPU
		{66995943-1202-4F0D-BC78-B537658A6D77}.Release|Any CPU.Build.0 = Release|Any CPU
		{0E64D378-AB2E-4734-9D64-758CA8250E70}.Debug|Any CPU.ActiveCfg = Debug|Any CPU
		{0E64D378-AB2E-4734-9D64-758CA8250E70}.Debug|Any CPU.Build.0 = Debug|Any CPU
		{0E64D378-AB2E-4734-9D64-758CA8250E70}.Release|Any CPU.ActiveCfg = Release|Any CPU
		{0E64D378-AB2E-4734-9D64-758CA8250E70}.Release|Any CPU.Build.0 = Release|Any CPU
		{DE2BDF1B-64D4-496F-AB4D-2D7D7751DA62}.Debug|Any CPU.ActiveCfg = Debug|Any CPU
		{DE2BDF1B-64D4-496F-AB4D-2D7D7751DA62}.Debug|Any CPU.Build.0 = Debug|Any CPU
		{DE2BDF1B-64D4-496F-AB4D-2D7D7751DA62}.Release|Any CPU.ActiveCfg = Release|Any CPU
		{DE2BDF1B-64D4-496F-AB4D-2D7D7751DA62}.Release|Any CPU.Build.0 = Release|Any CPU
		{D844553E-BDDD-42D1-A20B-A01AA3E61A4F}.Debug|Any CPU.ActiveCfg = Debug|Any CPU
		{D844553E-BDDD-42D1-A20B-A01AA3E61A4F}.Debug|Any CPU.Build.0 = Debug|Any CPU
		{D844553E-BDDD-42D1-A20B-A01AA3E61A4F}.Release|Any CPU.ActiveCfg = Release|Any CPU
		{D844553E-BDDD-42D1-A20B-A01AA3E61A4F}.Release|Any CPU.Build.0 = Release|Any CPU
		{FEE17663-0BB2-4980-9D3D-287B1F08B02A}.Debug|Any CPU.ActiveCfg = Debug|Any CPU
		{FEE17663-0BB2-4980-9D3D-287B1F08B02A}.Debug|Any CPU.Build.0 = Debug|Any CPU
		{FEE17663-0BB2-4980-9D3D-287B1F08B02A}.Release|Any CPU.ActiveCfg = Release|Any CPU
		{FEE17663-0BB2-4980-9D3D-287B1F08B02A}.Release|Any CPU.Build.0 = Release|Any CPU
		{94D8488D-54A5-4315-B4FE-E6AB319F63A0}.Debug|Any CPU.ActiveCfg = Debug|Any CPU
		{94D8488D-54A5-4315-B4FE-E6AB319F63A0}.Debug|Any CPU.Build.0 = Debug|Any CPU
		{94D8488D-54A5-4315-B4FE-E6AB319F63A0}.Release|Any CPU.ActiveCfg = Release|Any CPU
		{94D8488D-54A5-4315-B4FE-E6AB319F63A0}.Release|Any CPU.Build.0 = Release|Any CPU
		{DE2E98FE-C5C0-4495-A181-4B321DE60F4A}.Debug|Any CPU.ActiveCfg = Debug|Any CPU
		{DE2E98FE-C5C0-4495-A181-4B321DE60F4A}.Debug|Any CPU.Build.0 = Debug|Any CPU
		{DE2E98FE-C5C0-4495-A181-4B321DE60F4A}.Release|Any CPU.ActiveCfg = Release|Any CPU
		{DE2E98FE-C5C0-4495-A181-4B321DE60F4A}.Release|Any CPU.Build.0 = Release|Any CPU
		{45DD330D-0938-478B-960F-9529C2D9361A}.Debug|Any CPU.ActiveCfg = Debug|Any CPU
		{45DD330D-0938-478B-960F-9529C2D9361A}.Debug|Any CPU.Build.0 = Debug|Any CPU
		{45DD330D-0938-478B-960F-9529C2D9361A}.Release|Any CPU.ActiveCfg = Release|Any CPU
		{45DD330D-0938-478B-960F-9529C2D9361A}.Release|Any CPU.Build.0 = Release|Any CPU
		{4D19E7F9-2AF7-40C3-AEF6-5C79C849B0FF}.Debug|Any CPU.ActiveCfg = Debug|Any CPU
		{4D19E7F9-2AF7-40C3-AEF6-5C79C849B0FF}.Debug|Any CPU.Build.0 = Debug|Any CPU
		{4D19E7F9-2AF7-40C3-AEF6-5C79C849B0FF}.Release|Any CPU.ActiveCfg = Release|Any CPU
		{4D19E7F9-2AF7-40C3-AEF6-5C79C849B0FF}.Release|Any CPU.Build.0 = Release|Any CPU
		{1B67D416-E6DD-4CB4-A25D-9F89F0C2A222}.Debug|Any CPU.ActiveCfg = Debug|Any CPU
		{1B67D416-E6DD-4CB4-A25D-9F89F0C2A222}.Debug|Any CPU.Build.0 = Debug|Any CPU
		{1B67D416-E6DD-4CB4-A25D-9F89F0C2A222}.Release|Any CPU.ActiveCfg = Release|Any CPU
		{1B67D416-E6DD-4CB4-A25D-9F89F0C2A222}.Release|Any CPU.Build.0 = Release|Any CPU
		{8B2133E1-79C1-403E-8F03-021F24CFC066}.Debug|Any CPU.ActiveCfg = Debug|Any CPU
		{8B2133E1-79C1-403E-8F03-021F24CFC066}.Debug|Any CPU.Build.0 = Debug|Any CPU
		{8B2133E1-79C1-403E-8F03-021F24CFC066}.Release|Any CPU.ActiveCfg = Release|Any CPU
		{8B2133E1-79C1-403E-8F03-021F24CFC066}.Release|Any CPU.Build.0 = Release|Any CPU
		{F1F3ADA8-81D6-486C-8A56-0741283121BF}.Debug|Any CPU.ActiveCfg = Debug|Any CPU
		{F1F3ADA8-81D6-486C-8A56-0741283121BF}.Debug|Any CPU.Build.0 = Debug|Any CPU
		{F1F3ADA8-81D6-486C-8A56-0741283121BF}.Release|Any CPU.ActiveCfg = Release|Any CPU
		{F1F3ADA8-81D6-486C-8A56-0741283121BF}.Release|Any CPU.Build.0 = Release|Any CPU
		{305E608F-84E3-459E-9200-8105E15DCB85}.Debug|Any CPU.ActiveCfg = Debug|Any CPU
		{305E608F-84E3-459E-9200-8105E15DCB85}.Debug|Any CPU.Build.0 = Debug|Any CPU
		{305E608F-84E3-459E-9200-8105E15DCB85}.Release|Any CPU.ActiveCfg = Release|Any CPU
		{305E608F-84E3-459E-9200-8105E15DCB85}.Release|Any CPU.Build.0 = Release|Any CPU
		{4E0188F7-9D3C-410E-9745-96366C74AC17}.Debug|Any CPU.ActiveCfg = Debug|Any CPU
		{4E0188F7-9D3C-410E-9745-96366C74AC17}.Debug|Any CPU.Build.0 = Debug|Any CPU
		{4E0188F7-9D3C-410E-9745-96366C74AC17}.Release|Any CPU.ActiveCfg = Release|Any CPU
		{4E0188F7-9D3C-410E-9745-96366C74AC17}.Release|Any CPU.Build.0 = Release|Any CPU
		{0031FE11-FF7E-4D5D-B496-EE164E8B1BC7}.Debug|Any CPU.ActiveCfg = Debug|Any CPU
		{0031FE11-FF7E-4D5D-B496-EE164E8B1BC7}.Debug|Any CPU.Build.0 = Debug|Any CPU
		{0031FE11-FF7E-4D5D-B496-EE164E8B1BC7}.Release|Any CPU.ActiveCfg = Release|Any CPU
		{0031FE11-FF7E-4D5D-B496-EE164E8B1BC7}.Release|Any CPU.Build.0 = Release|Any CPU
		{3B20197D-88E0-4175-8101-12C18FD3D04B}.Debug|Any CPU.ActiveCfg = Debug|Any CPU
		{3B20197D-88E0-4175-8101-12C18FD3D04B}.Debug|Any CPU.Build.0 = Debug|Any CPU
		{3B20197D-88E0-4175-8101-12C18FD3D04B}.Release|Any CPU.ActiveCfg = Release|Any CPU
		{3B20197D-88E0-4175-8101-12C18FD3D04B}.Release|Any CPU.Build.0 = Release|Any CPU
		{C2D770E7-3D11-46C3-AACF-BA15CC0299BE}.Debug|Any CPU.ActiveCfg = Debug|Any CPU
		{C2D770E7-3D11-46C3-AACF-BA15CC0299BE}.Debug|Any CPU.Build.0 = Debug|Any CPU
		{C2D770E7-3D11-46C3-AACF-BA15CC0299BE}.Release|Any CPU.ActiveCfg = Release|Any CPU
		{C2D770E7-3D11-46C3-AACF-BA15CC0299BE}.Release|Any CPU.Build.0 = Release|Any CPU
		{C84986BE-A1DD-4F13-BC1C-6FC5AFFB08BD}.Debug|Any CPU.ActiveCfg = Debug|Any CPU
		{C84986BE-A1DD-4F13-BC1C-6FC5AFFB08BD}.Debug|Any CPU.Build.0 = Debug|Any CPU
		{C84986BE-A1DD-4F13-BC1C-6FC5AFFB08BD}.Release|Any CPU.ActiveCfg = Release|Any CPU
		{C84986BE-A1DD-4F13-BC1C-6FC5AFFB08BD}.Release|Any CPU.Build.0 = Release|Any CPU
		{2C54964D-A4EE-47E3-A2FF-6451C93CCB1D}.Debug|Any CPU.ActiveCfg = Debug|Any CPU
		{2C54964D-A4EE-47E3-A2FF-6451C93CCB1D}.Debug|Any CPU.Build.0 = Debug|Any CPU
		{2C54964D-A4EE-47E3-A2FF-6451C93CCB1D}.Release|Any CPU.ActiveCfg = Release|Any CPU
		{2C54964D-A4EE-47E3-A2FF-6451C93CCB1D}.Release|Any CPU.Build.0 = Release|Any CPU
		{6B0B8516-34A0-4C19-B233-3678E6DB8497}.Debug|Any CPU.ActiveCfg = Debug|Any CPU
		{6B0B8516-34A0-4C19-B233-3678E6DB8497}.Debug|Any CPU.Build.0 = Debug|Any CPU
		{6B0B8516-34A0-4C19-B233-3678E6DB8497}.Release|Any CPU.ActiveCfg = Release|Any CPU
		{6B0B8516-34A0-4C19-B233-3678E6DB8497}.Release|Any CPU.Build.0 = Release|Any CPU
		{B4F78C43-DA65-45DB-BD30-3F6792984560}.Debug|Any CPU.ActiveCfg = Debug|Any CPU
		{B4F78C43-DA65-45DB-BD30-3F6792984560}.Debug|Any CPU.Build.0 = Debug|Any CPU
		{B4F78C43-DA65-45DB-BD30-3F6792984560}.Release|Any CPU.ActiveCfg = Release|Any CPU
		{B4F78C43-DA65-45DB-BD30-3F6792984560}.Release|Any CPU.Build.0 = Release|Any CPU
		{C961ED2F-6494-4F3B-AFD8-5A1202E26026}.Debug|Any CPU.ActiveCfg = Debug|Any CPU
		{C961ED2F-6494-4F3B-AFD8-5A1202E26026}.Debug|Any CPU.Build.0 = Debug|Any CPU
		{C961ED2F-6494-4F3B-AFD8-5A1202E26026}.Release|Any CPU.ActiveCfg = Release|Any CPU
		{C961ED2F-6494-4F3B-AFD8-5A1202E26026}.Release|Any CPU.Build.0 = Release|Any CPU
		{A51FB165-A016-454F-8B69-43D9D466FF84}.Debug|Any CPU.ActiveCfg = Debug|Any CPU
		{A51FB165-A016-454F-8B69-43D9D466FF84}.Debug|Any CPU.Build.0 = Debug|Any CPU
		{A51FB165-A016-454F-8B69-43D9D466FF84}.Release|Any CPU.ActiveCfg = Release|Any CPU
		{A51FB165-A016-454F-8B69-43D9D466FF84}.Release|Any CPU.Build.0 = Release|Any CPU
		{87BE03BF-41EF-4094-93B1-6CB2AB63E6A6}.Debug|Any CPU.ActiveCfg = Debug|Any CPU
		{87BE03BF-41EF-4094-93B1-6CB2AB63E6A6}.Debug|Any CPU.Build.0 = Debug|Any CPU
		{87BE03BF-41EF-4094-93B1-6CB2AB63E6A6}.Release|Any CPU.ActiveCfg = Release|Any CPU
		{87BE03BF-41EF-4094-93B1-6CB2AB63E6A6}.Release|Any CPU.Build.0 = Release|Any CPU
		{1408497B-8D2A-4B34-BC81-4502AE7AE100}.Debug|Any CPU.ActiveCfg = Debug|Any CPU
		{1408497B-8D2A-4B34-BC81-4502AE7AE100}.Debug|Any CPU.Build.0 = Debug|Any CPU
		{1408497B-8D2A-4B34-BC81-4502AE7AE100}.Release|Any CPU.ActiveCfg = Release|Any CPU
		{1408497B-8D2A-4B34-BC81-4502AE7AE100}.Release|Any CPU.Build.0 = Release|Any CPU
		{7EE11B0A-A7FC-432E-AAE1-999E89F52433}.Debug|Any CPU.ActiveCfg = Debug|Any CPU
		{7EE11B0A-A7FC-432E-AAE1-999E89F52433}.Debug|Any CPU.Build.0 = Debug|Any CPU
		{7EE11B0A-A7FC-432E-AAE1-999E89F52433}.Release|Any CPU.ActiveCfg = Release|Any CPU
		{7EE11B0A-A7FC-432E-AAE1-999E89F52433}.Release|Any CPU.Build.0 = Release|Any CPU
		{16E5C7DB-BB04-4124-92C7-324F202F180F}.Debug|Any CPU.ActiveCfg = Debug|Any CPU
		{16E5C7DB-BB04-4124-92C7-324F202F180F}.Debug|Any CPU.Build.0 = Debug|Any CPU
		{16E5C7DB-BB04-4124-92C7-324F202F180F}.Release|Any CPU.ActiveCfg = Release|Any CPU
		{16E5C7DB-BB04-4124-92C7-324F202F180F}.Release|Any CPU.Build.0 = Release|Any CPU
		{859C0EE5-C008-430E-9315-275BF65AD64E}.Debug|Any CPU.ActiveCfg = Debug|Any CPU
		{859C0EE5-C008-430E-9315-275BF65AD64E}.Debug|Any CPU.Build.0 = Debug|Any CPU
		{859C0EE5-C008-430E-9315-275BF65AD64E}.Release|Any CPU.ActiveCfg = Release|Any CPU
		{859C0EE5-C008-430E-9315-275BF65AD64E}.Release|Any CPU.Build.0 = Release|Any CPU
		{86353408-46F9-4E8F-B447-0BF33860B090}.Debug|Any CPU.ActiveCfg = Debug|Any CPU
		{86353408-46F9-4E8F-B447-0BF33860B090}.Debug|Any CPU.Build.0 = Debug|Any CPU
		{86353408-46F9-4E8F-B447-0BF33860B090}.Release|Any CPU.ActiveCfg = Release|Any CPU
		{86353408-46F9-4E8F-B447-0BF33860B090}.Release|Any CPU.Build.0 = Release|Any CPU
		{295D42CF-F5F7-45AF-AC7D-3CFE3F575DB2}.Debug|Any CPU.ActiveCfg = Debug|Any CPU
		{295D42CF-F5F7-45AF-AC7D-3CFE3F575DB2}.Debug|Any CPU.Build.0 = Debug|Any CPU
		{295D42CF-F5F7-45AF-AC7D-3CFE3F575DB2}.Release|Any CPU.ActiveCfg = Release|Any CPU
		{295D42CF-F5F7-45AF-AC7D-3CFE3F575DB2}.Release|Any CPU.Build.0 = Release|Any CPU
		{34FEE142-42C3-4CDE-912F-35CC2ABFC25F}.Debug|Any CPU.ActiveCfg = Debug|Any CPU
		{34FEE142-42C3-4CDE-912F-35CC2ABFC25F}.Debug|Any CPU.Build.0 = Debug|Any CPU
		{34FEE142-42C3-4CDE-912F-35CC2ABFC25F}.Release|Any CPU.ActiveCfg = Release|Any CPU
		{34FEE142-42C3-4CDE-912F-35CC2ABFC25F}.Release|Any CPU.Build.0 = Release|Any CPU
		{D2B0A483-416A-4542-8187-EAFC5AFFB246}.Debug|Any CPU.ActiveCfg = Debug|Any CPU
		{D2B0A483-416A-4542-8187-EAFC5AFFB246}.Debug|Any CPU.Build.0 = Debug|Any CPU
		{D2B0A483-416A-4542-8187-EAFC5AFFB246}.Release|Any CPU.ActiveCfg = Release|Any CPU
		{D2B0A483-416A-4542-8187-EAFC5AFFB246}.Release|Any CPU.Build.0 = Release|Any CPU
		{9996CEEB-3873-4BCC-BF90-E47687AB7015}.Debug|Any CPU.ActiveCfg = Debug|Any CPU
		{9996CEEB-3873-4BCC-BF90-E47687AB7015}.Debug|Any CPU.Build.0 = Debug|Any CPU
		{9996CEEB-3873-4BCC-BF90-E47687AB7015}.Release|Any CPU.ActiveCfg = Release|Any CPU
		{9996CEEB-3873-4BCC-BF90-E47687AB7015}.Release|Any CPU.Build.0 = Release|Any CPU
		{5EB9AB15-6CFE-41EC-9BD5-FFD27676C22A}.Debug|Any CPU.ActiveCfg = Debug|Any CPU
		{5EB9AB15-6CFE-41EC-9BD5-FFD27676C22A}.Debug|Any CPU.Build.0 = Debug|Any CPU
		{5EB9AB15-6CFE-41EC-9BD5-FFD27676C22A}.Release|Any CPU.ActiveCfg = Release|Any CPU
		{5EB9AB15-6CFE-41EC-9BD5-FFD27676C22A}.Release|Any CPU.Build.0 = Release|Any CPU
		{50EB59F3-4C75-4B92-ACAF-B00E3CDD6B80}.Debug|Any CPU.ActiveCfg = Debug|Any CPU
		{50EB59F3-4C75-4B92-ACAF-B00E3CDD6B80}.Debug|Any CPU.Build.0 = Debug|Any CPU
		{50EB59F3-4C75-4B92-ACAF-B00E3CDD6B80}.Release|Any CPU.ActiveCfg = Release|Any CPU
		{50EB59F3-4C75-4B92-ACAF-B00E3CDD6B80}.Release|Any CPU.Build.0 = Release|Any CPU
		{4E854E54-F7D4-4EC6-86AD-0F28A190F812}.Debug|Any CPU.ActiveCfg = Debug|Any CPU
		{4E854E54-F7D4-4EC6-86AD-0F28A190F812}.Debug|Any CPU.Build.0 = Debug|Any CPU
		{4E854E54-F7D4-4EC6-86AD-0F28A190F812}.Release|Any CPU.ActiveCfg = Release|Any CPU
		{4E854E54-F7D4-4EC6-86AD-0F28A190F812}.Release|Any CPU.Build.0 = Release|Any CPU
		{96CBF1DD-DC89-4F41-B6C4-BFFB9FFC74AB}.Debug|Any CPU.ActiveCfg = Debug|Any CPU
		{96CBF1DD-DC89-4F41-B6C4-BFFB9FFC74AB}.Debug|Any CPU.Build.0 = Debug|Any CPU
		{96CBF1DD-DC89-4F41-B6C4-BFFB9FFC74AB}.Release|Any CPU.ActiveCfg = Release|Any CPU
		{96CBF1DD-DC89-4F41-B6C4-BFFB9FFC74AB}.Release|Any CPU.Build.0 = Release|Any CPU
		{2B13B8E3-74BB-435A-A71A-9DBBAB3346E5}.Debug|Any CPU.ActiveCfg = Debug|Any CPU
		{2B13B8E3-74BB-435A-A71A-9DBBAB3346E5}.Debug|Any CPU.Build.0 = Debug|Any CPU
		{2B13B8E3-74BB-435A-A71A-9DBBAB3346E5}.Release|Any CPU.ActiveCfg = Release|Any CPU
		{2B13B8E3-74BB-435A-A71A-9DBBAB3346E5}.Release|Any CPU.Build.0 = Release|Any CPU
		{9DF03A1F-DA30-4C27-A430-2BE05D38C8FB}.Debug|Any CPU.ActiveCfg = Debug|Any CPU
		{9DF03A1F-DA30-4C27-A430-2BE05D38C8FB}.Debug|Any CPU.Build.0 = Debug|Any CPU
		{9DF03A1F-DA30-4C27-A430-2BE05D38C8FB}.Release|Any CPU.ActiveCfg = Release|Any CPU
		{9DF03A1F-DA30-4C27-A430-2BE05D38C8FB}.Release|Any CPU.Build.0 = Release|Any CPU
		{90A403C8-B414-4E24-913E-1093E2AF6081}.Debug|Any CPU.ActiveCfg = Debug|Any CPU
		{90A403C8-B414-4E24-913E-1093E2AF6081}.Debug|Any CPU.Build.0 = Debug|Any CPU
		{90A403C8-B414-4E24-913E-1093E2AF6081}.Release|Any CPU.ActiveCfg = Release|Any CPU
		{90A403C8-B414-4E24-913E-1093E2AF6081}.Release|Any CPU.Build.0 = Release|Any CPU
		{864B27D2-1DDC-4EC0-9DBA-72D9B50FB06C}.Debug|Any CPU.ActiveCfg = Debug|Any CPU
		{864B27D2-1DDC-4EC0-9DBA-72D9B50FB06C}.Debug|Any CPU.Build.0 = Debug|Any CPU
		{864B27D2-1DDC-4EC0-9DBA-72D9B50FB06C}.Release|Any CPU.ActiveCfg = Release|Any CPU
		{864B27D2-1DDC-4EC0-9DBA-72D9B50FB06C}.Release|Any CPU.Build.0 = Release|Any CPU
		{74FFF0AA-02BC-44C0-8BD3-F024343D6EED}.Debug|Any CPU.ActiveCfg = Debug|Any CPU
		{74FFF0AA-02BC-44C0-8BD3-F024343D6EED}.Debug|Any CPU.Build.0 = Debug|Any CPU
		{74FFF0AA-02BC-44C0-8BD3-F024343D6EED}.Release|Any CPU.ActiveCfg = Release|Any CPU
		{74FFF0AA-02BC-44C0-8BD3-F024343D6EED}.Release|Any CPU.Build.0 = Release|Any CPU
		{C6CEE11C-20D5-48A2-B938-8C6FA19E73AD}.Debug|Any CPU.ActiveCfg = Debug|Any CPU
		{C6CEE11C-20D5-48A2-B938-8C6FA19E73AD}.Debug|Any CPU.Build.0 = Debug|Any CPU
		{C6CEE11C-20D5-48A2-B938-8C6FA19E73AD}.Release|Any CPU.ActiveCfg = Release|Any CPU
		{C6CEE11C-20D5-48A2-B938-8C6FA19E73AD}.Release|Any CPU.Build.0 = Release|Any CPU
		{E057F89A-8267-4E0A-A7A5-2E4BD0915E0F}.Debug|Any CPU.ActiveCfg = Debug|Any CPU
		{E057F89A-8267-4E0A-A7A5-2E4BD0915E0F}.Debug|Any CPU.Build.0 = Debug|Any CPU
		{E057F89A-8267-4E0A-A7A5-2E4BD0915E0F}.Release|Any CPU.ActiveCfg = Release|Any CPU
		{E057F89A-8267-4E0A-A7A5-2E4BD0915E0F}.Release|Any CPU.Build.0 = Release|Any CPU
		{96136E08-59BC-47FB-AB4E-FE2DEA469101}.Debug|Any CPU.ActiveCfg = Debug|Any CPU
		{96136E08-59BC-47FB-AB4E-FE2DEA469101}.Debug|Any CPU.Build.0 = Debug|Any CPU
		{96136E08-59BC-47FB-AB4E-FE2DEA469101}.Release|Any CPU.ActiveCfg = Release|Any CPU
		{96136E08-59BC-47FB-AB4E-FE2DEA469101}.Release|Any CPU.Build.0 = Release|Any CPU
		{90413C2B-FCC5-406D-8976-65B2158D5524}.Debug|Any CPU.ActiveCfg = Debug|Any CPU
		{90413C2B-FCC5-406D-8976-65B2158D5524}.Debug|Any CPU.Build.0 = Debug|Any CPU
		{90413C2B-FCC5-406D-8976-65B2158D5524}.Release|Any CPU.ActiveCfg = Release|Any CPU
		{90413C2B-FCC5-406D-8976-65B2158D5524}.Release|Any CPU.Build.0 = Release|Any CPU
		{1074A3D3-A57F-4FA2-812D-F2A12B33E6EE}.Debug|Any CPU.ActiveCfg = Debug|Any CPU
		{1074A3D3-A57F-4FA2-812D-F2A12B33E6EE}.Debug|Any CPU.Build.0 = Debug|Any CPU
		{1074A3D3-A57F-4FA2-812D-F2A12B33E6EE}.Release|Any CPU.ActiveCfg = Release|Any CPU
		{1074A3D3-A57F-4FA2-812D-F2A12B33E6EE}.Release|Any CPU.Build.0 = Release|Any CPU
	EndGlobalSection
	GlobalSection(SolutionProperties) = preSolution
		HideSolutionNode = FALSE
	EndGlobalSection
EndGlobal
